
Microsoft Visual Studio Solution File, Format Version 12.00
# Visual Studio Version 17
VisualStudioVersion = 17.6.33815.320
MinimumVisualStudioVersion = 10.0.40219.1
Project("{FAE04EC0-301F-11D3-BF4B-00C04F79EFBC}") = "A5", "A5\A5.csproj", "{54559C4A-A000-439C-B9ED-7E9E75EA83C1}"
EndProject
Global
	GlobalSection(SolutionConfigurationPlatforms) = preSolution
		Debug|Any CPU = Debug|Any CPU
		Release|Any CPU = Release|Any CPU
	EndGlobalSection
	GlobalSection(ProjectConfigurationPlatforms) = postSolution
		{54559C4A-A000-439C-B9ED-7E9E75EA83C1}.Debug|Any CPU.ActiveCfg = Debug|Any CPU
		{54559C4A-A000-439C-B9ED-7E9E75EA83C1}.Debug|Any CPU.Build.0 = Debug|Any CPU
		{54559C4A-A000-439C-B9ED-7E9E75EA83C1}.Release|Any CPU.ActiveCfg = Release|Any CPU
		{54559C4A-A000-439C-B9ED-7E9E75EA83C1}.Release|Any CPU.Build.0 = Release|Any CPU
	EndGlobalSection
	GlobalSection(SolutionProperties) = preSolution
		HideSolutionNode = FALSE
	EndGlobalSection
	GlobalSection(ExtensibilityGlobals) = postSolution
		SolutionGuid = {6EA94AF2-5D35-4387-BD4A-C925BD036555}
	EndGlobalSection
EndGlobal
